{
  "version": 4,
  "terraform_version": "1.3.5",
  "serial": 309,
  "lineage": "d63a748c-3016-2c91-6b80-f0f7c2b884a4",
  "outputs": {
    "config_map_aws_auth": {
      "value": "\n\napiVersion: v1\nkind: ConfigMap\nmetadata:\n  name: aws-auth\n  namespace: kube-system\ndata:\n  mapRoles: |\n    - rolearn: arn:aws:iam::891288190130:role/eks-lab-cluster-nodes\n      username: system:node:{{EC2PrivateDNSName}}\n      groups:\n        - system:bootstrappers\n        - system:nodes\n",
      "type": "string"
    }
  },
  "resources": [
    {
      "mode": "data",
      "type": "aws_availability_zones",
      "name": "available",
      "provider": "provider[\"registry.terraform.io/hashicorp/aws\"]",
      "instances": [
        {
          "schema_version": 0,
          "attributes": {
            "all_availability_zones": null,
            "exclude_names": null,
            "exclude_zone_ids": null,
            "filter": null,
            "group_names": [
              "eu-west-3"
            ],
            "id": "eu-west-3",
            "names": [
              "eu-west-3a",
              "eu-west-3b",
              "eu-west-3c"
            ],
            "state": null,
            "timeouts": null,
            "zone_ids": [
              "euw3-az1",
              "euw3-az2",
              "euw3-az3"
            ]
          },
          "sensitive_attributes": []
        }
      ]
    },
    {
      "mode": "managed",
      "type": "aws_eks_addon",
      "name": "example",
      "provider": "provider[\"registry.terraform.io/hashicorp/aws\"]",
      "instances": [
        {
          "schema_version": 0,
          "attributes": {
            "addon_name": "vpc-cni",
            "addon_version": "v1.11.4-eksbuild.1",
            "arn": "arn:aws:eks:eu-west-3:891288190130:addon/eks-lab-cluster/vpc-cni/80c274b9-3ff9-5997-4923-4628beeb1699",
            "cluster_name": "eks-lab-cluster",
            "created_at": "2022-12-06T21:58:26Z",
            "id": "eks-lab-cluster:vpc-cni",
            "modified_at": "2022-12-06T21:58:27Z",
            "preserve": null,
            "resolve_conflicts": "OVERWRITE",
            "service_account_role_arn": "",
            "tags": {},
            "tags_all": {},
            "timeouts": null
          },
          "sensitive_attributes": [],
          "private": "eyJlMmJmYjczMC1lY2FhLTExZTYtOGY4OC0zNDM2M2JjN2M0YzAiOnsiY3JlYXRlIjoxMjAwMDAwMDAwMDAwLCJkZWxldGUiOjI0MDAwMDAwMDAwMDAsInVwZGF0ZSI6MTIwMDAwMDAwMDAwMH19",
          "dependencies": [
            "aws_eks_cluster.main",
            "aws_iam_role.eks_cluster",
            "aws_iam_role_policy_attachment.eks_cluster_policy_attachment",
            "aws_security_group.control_plane_sg",
            "aws_subnet.private_subnet",
            "aws_vpc.eks_vpc",
            "data.aws_availability_zones.available"
          ]
        }
      ]
    },
    {
      "mode": "managed",
      "type": "aws_eks_cluster",
      "name": "main",
      "provider": "provider[\"registry.terraform.io/hashicorp/aws\"]",
      "instances": [
        {
          "schema_version": 0,
          "attributes": {
            "arn": "arn:aws:eks:eu-west-3:891288190130:cluster/eks-lab-cluster",
            "certificate_authority": [
              {
                "data": "LS0tLS1CRUdJTiBDRVJUSUZJQ0FURS0tLS0tCk1JSUMvakNDQWVhZ0F3SUJBZ0lCQURBTkJna3Foa2lHOXcwQkFRc0ZBREFWTVJNd0VRWURWUVFERXdwcmRXSmwKY201bGRHVnpNQjRYRFRJeU1USXdOakl4TlRNd09Wb1hEVE15TVRJd016SXhOVE13T1Zvd0ZURVRNQkVHQTFVRQpBeE1LYTNWaVpYSnVaWFJsY3pDQ0FTSXdEUVlKS29aSWh2Y05BUUVCQlFBRGdnRVBBRENDQVFvQ2dnRUJBS1RPCnJPTzY2ajhtMFY1N2pEaTAzL1IybWRFWEcrQmZNSVQ5VytaUzcrWVd1Ti9DSkxEZVVyNE9QZS9zYjJDcVdaMjkKU2lyQ2w2ZDNIa1J2YjhhTmd5UDR0SHBQNnNzNzM1aE5WTm9zaHdyTjUwOWx6dWdaM3dNSm5ZVnVtWitoV3c1UApGT29FRFoveFhjTTJEajl1TFcyb0haeEFRVDdLdGZFdmxnRkx2dkdZTllJQWd6TXZFcDBZVitDSE9HNU4wWkpHCmVRN0tGWE5DTDU2UERzSzVKT2ZNdW8reTVpYllONHdvRXg1K0ZsRlFoZnZsZ3E2cFlwYm10anFUNW9wL3E5YXEKdWdTb3JEK0hBSnFSSmorQU85TWoxRmRFQjkybUFoTzBNUzdWSGFyUWoySXYrVDJTRE9RNUtuSGhvNVdJNEVOawpDSUJWTTE3ZFhwTFdrSE5nblJNQ0F3RUFBYU5aTUZjd0RnWURWUjBQQVFIL0JBUURBZ0trTUE4R0ExVWRFd0VCCi93UUZNQU1CQWY4d0hRWURWUjBPQkJZRUZOWEE3UGxaWS8zWDhpZkFXanRndTB5WkZKT1hNQlVHQTFVZEVRUU8KTUF5Q0NtdDFZbVZ5Ym1WMFpYTXdEUVlKS29aSWh2Y05BUUVMQlFBRGdnRUJBSFYyTVJwbGFhSHRjQzZtdmFYbQpHNG15WWQvdmhOUE42T2t3aFFUT0tKK3NCd3FFMkc5SVpNL0Q2aFRJNkhDUGdrRzQ1UGRTTXY5OW9WaFhwRkQrCkRyejFUMVU4RFFMZy9PMkpUS2UvQmhNR3JHRVlhd1M4cFUrWHhEemp5YThpUlhoL056M2pxRUZPUVM1M3NZajcKanF3aTNFaDZncXZhekthRVBZRDVPemJJNTNpc3R3YkdGMGhwVDJVTGQzZjBPV054Mi9ubVRYQmxMd2c1V2loYwpBUlFPb3FOYjlpVHFONGlNdk41eHRSWUdRNEhnY3phd2s0ZzJGL3lQY2xvY3RhbFRpc3pRRlR2NGc2RnRoVVhECkpLU2ZVYXN6L3hOSUxic05Mc1dnNnNlRDJmMHY3bmxWNlRreGR1RFlyYmFOMG50Qm5NajcwWCttT3R1bS9aTFYKdlVrPQotLS0tLUVORCBDRVJUSUZJQ0FURS0tLS0tCg=="
              }
            ],
            "created_at": "2022-12-06 21:47:42.353 +0000 UTC",
            "enabled_cluster_log_types": [],
            "encryption_config": [],
            "endpoint": "https://FC9F5F1F95DBB54E64F9D606058637D9.yl4.eu-west-3.eks.amazonaws.com",
            "id": "eks-lab-cluster",
            "identity": [
              {
                "oidc": [
                  {
                    "issuer": "https://oidc.eks.eu-west-3.amazonaws.com/id/FC9F5F1F95DBB54E64F9D606058637D9"
                  }
                ]
              }
            ],
            "kubernetes_network_config": [
              {
                "ip_family": "ipv4",
                "service_ipv4_cidr": "172.20.0.0/16",
                "service_ipv6_cidr": ""
              }
            ],
            "name": "eks-lab-cluster",
            "outpost_config": [],
            "platform_version": "eks.5",
            "role_arn": "arn:aws:iam::891288190130:role/eks-lab-cluster-cluster",
            "status": "ACTIVE",
            "tags": {
              "LAB": "tesi_mattia",
              "Name": "eks-lab-cluster",
              "infra": "terraform"
            },
            "tags_all": {
              "LAB": "tesi_mattia",
              "Name": "eks-lab-cluster",
              "infra": "terraform"
            },
            "timeouts": null,
            "version": "1.23",
            "vpc_config": [
              {
                "cluster_security_group_id": "sg-04cb6bf4f891dd750",
                "endpoint_private_access": true,
                "endpoint_public_access": true,
                "public_access_cidrs": [
                  "0.0.0.0/0"
                ],
                "security_group_ids": [
                  "sg-04e2458eaf052ef30"
                ],
                "subnet_ids": [
                  "subnet-0b119332f8a660499",
                  "subnet-0dcccc830729592d8"
                ],
                "vpc_id": "vpc-0b026817e8f1d1fa7"
              }
            ]
          },
          "sensitive_attributes": [],
          "private": "eyJlMmJmYjczMC1lY2FhLTExZTYtOGY4OC0zNDM2M2JjN2M0YzAiOnsiY3JlYXRlIjoxODAwMDAwMDAwMDAwLCJkZWxldGUiOjkwMDAwMDAwMDAwMCwidXBkYXRlIjozNjAwMDAwMDAwMDAwfX0=",
          "dependencies": [
            "aws_iam_role.eks_cluster",
            "aws_iam_role_policy_attachment.eks_cluster_policy_attachment",
            "aws_security_group.control_plane_sg",
            "aws_subnet.private_subnet",
            "aws_vpc.eks_vpc",
            "data.aws_availability_zones.available"
          ]
        }
      ]
    },
    {
      "mode": "managed",
      "type": "aws_eks_node_group",
      "name": "private_group",
      "provider": "provider[\"registry.terraform.io/hashicorp/aws\"]",
      "instances": [
        {
          "schema_version": 0,
          "attributes": {
            "ami_type": "AL2_x86_64",
            "arn": "arn:aws:eks:eu-west-3:891288190130:nodegroup/eks-lab-cluster/private-nodes/a8c274c8-45a2-8190-6b65-b9b5e516ce16",
            "capacity_type": "ON_DEMAND",
            "cluster_name": "eks-lab-cluster",
            "disk_size": 20,
            "force_update_version": null,
            "id": "eks-lab-cluster:private-nodes",
            "instance_types": [
              "t3a.small"
            ],
            "labels": {
              "role": "general"
            },
            "launch_template": [],
            "node_group_name": "private-nodes",
            "node_group_name_prefix": "",
            "node_role_arn": "arn:aws:iam::891288190130:role/eks-lab-cluster-nodes",
            "release_version": "1.23.13-20221112",
            "remote_access": [],
            "resources": [
              {
                "autoscaling_groups": [
                  {
                    "name": "eks-private-nodes-a8c274c8-45a2-8190-6b65-b9b5e516ce16"
                  }
                ],
                "remote_access_security_group_id": ""
              }
            ],
            "scaling_config": [
              {
                "desired_size": 1,
                "max_size": 2,
                "min_size": 1
              }
            ],
            "status": "ACTIVE",
            "subnet_ids": [
              "subnet-0b119332f8a660499",
              "subnet-0dcccc830729592d8"
            ],
            "tags": {
              "LAB": "tesi_mattia",
              "Name": "private-nodes",
              "infra": "terraform"
            },
            "tags_all": {
              "LAB": "tesi_mattia",
              "Name": "private-nodes",
              "infra": "terraform"
            },
            "taint": [],
            "timeouts": null,
            "update_config": [
              {
                "max_unavailable": 1,
                "max_unavailable_percentage": 0
              }
            ],
            "version": "1.23"
          },
          "sensitive_attributes": [],
          "private": "eyJlMmJmYjczMC1lY2FhLTExZTYtOGY4OC0zNDM2M2JjN2M0YzAiOnsiY3JlYXRlIjozNjAwMDAwMDAwMDAwLCJkZWxldGUiOjM2MDAwMDAwMDAwMDAsInVwZGF0ZSI6MzYwMDAwMDAwMDAwMH19",
          "dependencies": [
            "aws_eks_cluster.main",
            "aws_iam_role.nodes",
            "aws_iam_role_policy_attachment.nodes-AmazonEC2ContainerRegistryReadOnly",
            "aws_iam_role_policy_attachment.nodes-AmazonEKSWorkerNodePolicy",
            "aws_iam_role_policy_attachment.nodes-AmazonEKS_CNI_Policy",
            "aws_iam_role_policy_attachment.nodes-AmazonSSMManagedInstanceCore",
            "aws_subnet.private_subnet"
          ]
        }
      ]
    },
    {
      "mode": "managed",
      "type": "aws_iam_role",
      "name": "eks_cluster",
      "provider": "provider[\"registry.terraform.io/hashicorp/aws\"]",
      "instances": [
        {
          "schema_version": 0,
          "attributes": {
            "arn": "arn:aws:iam::891288190130:role/eks-lab-cluster-cluster",
            "assume_role_policy": "{\"Statement\":[{\"Action\":\"sts:AssumeRole\",\"Effect\":\"Allow\",\"Principal\":{\"Service\":\"eks.amazonaws.com\"}}],\"Version\":\"2012-10-17\"}",
            "create_date": "2022-12-06T21:32:09Z",
            "description": "",
            "force_detach_policies": false,
            "id": "eks-lab-cluster-cluster",
            "inline_policy": [],
            "managed_policy_arns": [
              "arn:aws:iam::aws:policy/AmazonEKSClusterPolicy"
            ],
            "max_session_duration": 3600,
            "name": "eks-lab-cluster-cluster",
            "name_prefix": "",
            "path": "/",
            "permissions_boundary": null,
            "tags": {
              "LAB": "tesi_mattia",
              "Name": "eks-lab-cluster-cluster",
              "infra": "terraform"
            },
            "tags_all": {
              "LAB": "tesi_mattia",
              "Name": "eks-lab-cluster-cluster",
              "infra": "terraform"
            },
            "unique_id": "AROA47BHKPSZJ6LBVH4HX"
          },
          "sensitive_attributes": [],
          "private": "bnVsbA=="
        }
      ]
    },
    {
      "mode": "managed",
      "type": "aws_iam_role",
      "name": "nodes",
      "provider": "provider[\"registry.terraform.io/hashicorp/aws\"]",
      "instances": [
        {
          "schema_version": 0,
          "attributes": {
            "arn": "arn:aws:iam::891288190130:role/eks-lab-cluster-nodes",
            "assume_role_policy": "{\"Statement\":[{\"Action\":\"sts:AssumeRole\",\"Effect\":\"Allow\",\"Principal\":{\"Service\":\"ec2.amazonaws.com\"}}],\"Version\":\"2012-10-17\"}",
            "create_date": "2022-12-06T21:32:09Z",
            "description": "",
            "force_detach_policies": false,
            "id": "eks-lab-cluster-nodes",
            "inline_policy": [],
            "managed_policy_arns": [
              "arn:aws:iam::aws:policy/AmazonEC2ContainerRegistryReadOnly",
              "arn:aws:iam::aws:policy/AmazonEKSWorkerNodePolicy",
              "arn:aws:iam::aws:policy/AmazonEKS_CNI_Policy",
              "arn:aws:iam::aws:policy/AmazonSSMManagedInstanceCore"
            ],
            "max_session_duration": 3600,
            "name": "eks-lab-cluster-nodes",
            "name_prefix": "",
            "path": "/",
            "permissions_boundary": null,
            "tags": {
              "LAB": "tesi_mattia",
              "Name": "eks-lab-cluster-nodes",
              "infra": "terraform"
            },
            "tags_all": {
              "LAB": "tesi_mattia",
              "Name": "eks-lab-cluster-nodes",
              "infra": "terraform"
            },
            "unique_id": "AROA47BHKPSZHMV5Z44HW"
          },
          "sensitive_attributes": [],
          "private": "bnVsbA=="
        }
      ]
    },
    {
      "mode": "managed",
      "type": "aws_iam_role_policy_attachment",
      "name": "eks_cluster_policy_attachment",
      "provider": "provider[\"registry.terraform.io/hashicorp/aws\"]",
      "instances": [
        {
          "schema_version": 0,
          "attributes": {
            "id": "eks-lab-cluster-cluster-20221206213211023200000005",
            "policy_arn": "arn:aws:iam::aws:policy/AmazonEKSClusterPolicy",
            "role": "eks-lab-cluster-cluster"
          },
          "sensitive_attributes": [],
          "private": "bnVsbA==",
          "dependencies": [
            "aws_iam_role.eks_cluster"
          ]
        }
      ]
    },
    {
      "mode": "managed",
      "type": "aws_iam_role_policy_attachment",
      "name": "nodes-AmazonEC2ContainerRegistryReadOnly",
      "provider": "provider[\"registry.terraform.io/hashicorp/aws\"]",
      "instances": [
        {
          "schema_version": 0,
          "attributes": {
            "id": "eks-lab-cluster-nodes-20221206213210722800000002",
            "policy_arn": "arn:aws:iam::aws:policy/AmazonEC2ContainerRegistryReadOnly",
            "role": "eks-lab-cluster-nodes"
          },
          "sensitive_attributes": [],
          "private": "bnVsbA==",
          "dependencies": [
            "aws_iam_role.nodes"
          ]
        }
      ]
    },
    {
      "mode": "managed",
      "type": "aws_iam_role_policy_attachment",
      "name": "nodes-AmazonEKSWorkerNodePolicy",
      "provider": "provider[\"registry.terraform.io/hashicorp/aws\"]",
      "instances": [
        {
          "schema_version": 0,
          "attributes": {
            "id": "eks-lab-cluster-nodes-20221206213210872300000003",
            "policy_arn": "arn:aws:iam::aws:policy/AmazonEKSWorkerNodePolicy",
            "role": "eks-lab-cluster-nodes"
          },
          "sensitive_attributes": [],
          "private": "bnVsbA==",
          "dependencies": [
            "aws_iam_role.nodes"
          ]
        }
      ]
    },
    {
      "mode": "managed",
      "type": "aws_iam_role_policy_attachment",
      "name": "nodes-AmazonEKS_CNI_Policy",
      "provider": "provider[\"registry.terraform.io/hashicorp/aws\"]",
      "instances": [
        {
          "schema_version": 0,
          "attributes": {
            "id": "eks-lab-cluster-nodes-20221206213210952300000004",
            "policy_arn": "arn:aws:iam::aws:policy/AmazonEKS_CNI_Policy",
            "role": "eks-lab-cluster-nodes"
          },
          "sensitive_attributes": [],
          "private": "bnVsbA==",
          "dependencies": [
            "aws_iam_role.nodes"
          ]
        }
      ]
    },
    {
      "mode": "managed",
      "type": "aws_iam_role_policy_attachment",
      "name": "nodes-AmazonSSMManagedInstanceCore",
      "provider": "provider[\"registry.terraform.io/hashicorp/aws\"]",
      "instances": [
        {
          "schema_version": 0,
          "attributes": {
            "id": "eks-lab-cluster-nodes-20221206213210712300000001",
            "policy_arn": "arn:aws:iam::aws:policy/AmazonSSMManagedInstanceCore",
            "role": "eks-lab-cluster-nodes"
          },
          "sensitive_attributes": [],
          "private": "bnVsbA==",
          "dependencies": [
            "aws_iam_role.nodes"
          ]
        }
      ]
    },
    {
      "mode": "managed",
      "type": "aws_route_table",
      "name": "private_rt",
      "provider": "provider[\"registry.terraform.io/hashicorp/aws\"]",
      "instances": [
        {
          "schema_version": 0,
          "attributes": {
            "arn": "arn:aws:ec2:eu-west-3:891288190130:route-table/rtb-0c673d6df286a6f69",
            "id": "rtb-0c673d6df286a6f69",
            "owner_id": "891288190130",
            "propagating_vgws": [],
            "route": [],
            "tags": {
              "LAB": "tesi_mattia",
              "Name": "eks_lab_vpc_private_rt",
              "infra": "terraform"
            },
            "tags_all": {
              "LAB": "tesi_mattia",
              "Name": "eks_lab_vpc_private_rt",
              "infra": "terraform"
            },
            "timeouts": null,
            "vpc_id": "vpc-0b026817e8f1d1fa7"
          },
          "sensitive_attributes": [],
          "private": "eyJlMmJmYjczMC1lY2FhLTExZTYtOGY4OC0zNDM2M2JjN2M0YzAiOnsiY3JlYXRlIjozMDAwMDAwMDAwMDAsImRlbGV0ZSI6MzAwMDAwMDAwMDAwLCJ1cGRhdGUiOjEyMDAwMDAwMDAwMH19",
          "dependencies": [
            "aws_vpc.eks_vpc"
          ]
        }
      ]
    },
    {
      "mode": "managed",
      "type": "aws_route_table_association",
      "name": "private_association",
      "provider": "provider[\"registry.terraform.io/hashicorp/aws\"]",
      "instances": [
        {
          "index_key": 0,
          "schema_version": 0,
          "attributes": {
            "gateway_id": "",
            "id": "rtbassoc-03f1c94ff57ee8b1f",
            "route_table_id": "rtb-0c673d6df286a6f69",
            "subnet_id": "subnet-0dcccc830729592d8"
          },
          "sensitive_attributes": [],
          "private": "bnVsbA==",
          "dependencies": [
            "aws_route_table.private_rt",
            "aws_subnet.private_subnet",
            "aws_vpc.eks_vpc",
            "data.aws_availability_zones.available"
          ]
        },
        {
          "index_key": 1,
          "schema_version": 0,
          "attributes": {
            "gateway_id": "",
            "id": "rtbassoc-01b5d619e51c262d0",
            "route_table_id": "rtb-0c673d6df286a6f69",
            "subnet_id": "subnet-0b119332f8a660499"
          },
          "sensitive_attributes": [],
          "private": "bnVsbA==",
          "dependencies": [
            "aws_route_table.private_rt",
            "aws_subnet.private_subnet",
            "aws_vpc.eks_vpc",
            "data.aws_availability_zones.available"
          ]
        }
      ]
    },
    {
      "mode": "managed",
      "type": "aws_security_group",
      "name": "control_plane_sg",
      "provider": "provider[\"registry.terraform.io/hashicorp/aws\"]",
      "instances": [
        {
          "schema_version": 1,
          "attributes": {
            "arn": "arn:aws:ec2:eu-west-3:891288190130:security-group/sg-04e2458eaf052ef30",
            "description": "Managed by Terraform",
            "egress": [
              {
                "cidr_blocks": [
                  "0.0.0.0/0"
                ],
                "description": "",
                "from_port": 0,
                "ipv6_cidr_blocks": [],
                "prefix_list_ids": [],
                "protocol": "-1",
                "security_groups": [],
                "self": false,
                "to_port": 0
              }
            ],
            "id": "sg-04e2458eaf052ef30",
            "ingress": [
              {
                "cidr_blocks": [
                  "10.0.0.0/24",
                  "10.0.1.0/24"
                ],
                "description": "",
                "from_port": 0,
                "ipv6_cidr_blocks": [],
                "prefix_list_ids": [],
                "protocol": "tcp",
                "security_groups": [],
                "self": false,
                "to_port": 65535
              }
            ],
            "name": "k8s-control-plane-sg",
            "name_prefix": "",
            "owner_id": "891288190130",
            "revoke_rules_on_delete": false,
            "tags": {
              "LAB": "tesi_mattia",
              "Name": "k8s-control-plane-sg",
              "infra": "terraform",
              "kubernetes.io/cluster/eks-lab-cluster": "owned"
            },
            "tags_all": {
              "LAB": "tesi_mattia",
              "Name": "k8s-control-plane-sg",
              "infra": "terraform",
              "kubernetes.io/cluster/eks-lab-cluster": "owned"
            },
            "timeouts": null,
            "vpc_id": "vpc-0b026817e8f1d1fa7"
          },
          "sensitive_attributes": [],
          "private": "eyJlMmJmYjczMC1lY2FhLTExZTYtOGY4OC0zNDM2M2JjN2M0YzAiOnsiY3JlYXRlIjo2MDAwMDAwMDAwMDAsImRlbGV0ZSI6OTAwMDAwMDAwMDAwfSwic2NoZW1hX3ZlcnNpb24iOiIxIn0=",
          "dependencies": [
            "aws_vpc.eks_vpc"
          ]
        }
      ]
    },
    {
      "mode": "managed",
      "type": "aws_security_group",
      "name": "data_plane_sg",
      "provider": "provider[\"registry.terraform.io/hashicorp/aws\"]",
      "instances": [
        {
          "schema_version": 1,
          "attributes": {
            "arn": "arn:aws:ec2:eu-west-3:891288190130:security-group/sg-01c103c3eb4775d52",
            "description": "Managed by Terraform",
            "egress": [
              {
                "cidr_blocks": [
                  "0.0.0.0/0"
                ],
                "description": "",
                "from_port": 0,
                "ipv6_cidr_blocks": [],
                "prefix_list_ids": [],
                "protocol": "-1",
                "security_groups": [],
                "self": false,
                "to_port": 0
              }
            ],
            "id": "sg-01c103c3eb4775d52",
            "ingress": [
              {
                "cidr_blocks": [
                  "10.0.0.0/24",
                  "10.0.1.0/24"
                ],
                "description": "Allow nodes to communicate with each other",
                "from_port": 0,
                "ipv6_cidr_blocks": [],
                "prefix_list_ids": [],
                "protocol": "-1",
                "security_groups": [],
                "self": false,
                "to_port": 0
              },
              {
                "cidr_blocks": [
                  "10.0.0.0/24",
                  "10.0.1.0/24"
                ],
                "description": "Allow worker Kubelets and pods to receive communication from the cluster control plane",
                "from_port": 1025,
                "ipv6_cidr_blocks": [],
                "prefix_list_ids": [],
                "protocol": "tcp",
                "security_groups": [],
                "self": false,
                "to_port": 65535
              }
            ],
            "name": "k8s-data-plane-sg",
            "name_prefix": "",
            "owner_id": "891288190130",
            "revoke_rules_on_delete": false,
            "tags": {
              "LAB": "tesi_mattia",
              "Name": "k8s-data-plane-sg",
              "infra": "terraform",
              "kubernetes.io/cluster/eks-lab-cluster": "owned"
            },
            "tags_all": {
              "LAB": "tesi_mattia",
              "Name": "k8s-data-plane-sg",
              "infra": "terraform",
              "kubernetes.io/cluster/eks-lab-cluster": "owned"
            },
            "timeouts": null,
            "vpc_id": "vpc-0b026817e8f1d1fa7"
          },
          "sensitive_attributes": [],
          "private": "eyJlMmJmYjczMC1lY2FhLTExZTYtOGY4OC0zNDM2M2JjN2M0YzAiOnsiY3JlYXRlIjo2MDAwMDAwMDAwMDAsImRlbGV0ZSI6OTAwMDAwMDAwMDAwfSwic2NoZW1hX3ZlcnNpb24iOiIxIn0=",
          "dependencies": [
            "aws_vpc.eks_vpc"
          ]
        }
      ]
    },
    {
      "mode": "managed",
      "type": "aws_security_group_rule",
      "name": "control_plane_inbound",
      "provider": "provider[\"registry.terraform.io/hashicorp/aws\"]",
      "instances": [
        {
          "schema_version": 2,
          "attributes": {
            "cidr_blocks": [
              "10.0.0.0/24",
              "10.0.1.0/24"
            ],
            "description": "",
            "from_port": 0,
            "id": "sgrule-1361583753",
            "ipv6_cidr_blocks": null,
            "prefix_list_ids": null,
            "protocol": "tcp",
            "security_group_id": "sg-04e2458eaf052ef30",
            "security_group_rule_id": "",
            "self": false,
            "source_security_group_id": null,
            "timeouts": null,
            "to_port": 65535,
            "type": "ingress"
          },
          "sensitive_attributes": [],
          "private": "eyJlMmJmYjczMC1lY2FhLTExZTYtOGY4OC0zNDM2M2JjN2M0YzAiOnsiY3JlYXRlIjozMDAwMDAwMDAwMDB9LCJzY2hlbWFfdmVyc2lvbiI6IjIifQ==",
          "dependencies": [
            "aws_security_group.control_plane_sg",
            "aws_subnet.private_subnet",
            "aws_vpc.eks_vpc",
            "data.aws_availability_zones.available"
          ]
        }
      ]
    },
    {
      "mode": "managed",
      "type": "aws_security_group_rule",
      "name": "control_plane_outbound",
      "provider": "provider[\"registry.terraform.io/hashicorp/aws\"]",
      "instances": [
        {
          "schema_version": 2,
          "attributes": {
            "cidr_blocks": [
              "0.0.0.0/0"
            ],
            "description": "",
            "from_port": 0,
            "id": "sgrule-2091197652",
            "ipv6_cidr_blocks": null,
            "prefix_list_ids": null,
            "protocol": "-1",
            "security_group_id": "sg-04e2458eaf052ef30",
            "security_group_rule_id": "sgr-0f51ddb8e845992eb",
            "self": false,
            "source_security_group_id": null,
            "timeouts": null,
            "to_port": 0,
            "type": "egress"
          },
          "sensitive_attributes": [],
          "private": "eyJlMmJmYjczMC1lY2FhLTExZTYtOGY4OC0zNDM2M2JjN2M0YzAiOnsiY3JlYXRlIjozMDAwMDAwMDAwMDB9LCJzY2hlbWFfdmVyc2lvbiI6IjIifQ==",
          "dependencies": [
            "aws_security_group.control_plane_sg",
            "aws_vpc.eks_vpc"
          ]
        }
      ]
    },
    {
      "mode": "managed",
      "type": "aws_security_group_rule",
      "name": "node_outbound",
      "provider": "provider[\"registry.terraform.io/hashicorp/aws\"]",
      "instances": [
        {
          "schema_version": 2,
          "attributes": {
            "cidr_blocks": [
              "0.0.0.0/0"
            ],
            "description": "",
            "from_port": 0,
            "id": "sgrule-939684829",
            "ipv6_cidr_blocks": null,
            "prefix_list_ids": null,
            "protocol": "-1",
            "security_group_id": "sg-01c103c3eb4775d52",
            "security_group_rule_id": "sgr-09050fb32c1fc8335",
            "self": false,
            "source_security_group_id": null,
            "timeouts": null,
            "to_port": 0,
            "type": "egress"
          },
          "sensitive_attributes": [],
          "private": "eyJlMmJmYjczMC1lY2FhLTExZTYtOGY4OC0zNDM2M2JjN2M0YzAiOnsiY3JlYXRlIjozMDAwMDAwMDAwMDB9LCJzY2hlbWFfdmVyc2lvbiI6IjIifQ==",
          "dependencies": [
            "aws_security_group.data_plane_sg",
            "aws_vpc.eks_vpc"
          ]
        }
      ]
    },
    {
      "mode": "managed",
      "type": "aws_security_group_rule",
      "name": "nodes",
      "provider": "provider[\"registry.terraform.io/hashicorp/aws\"]",
      "instances": [
        {
          "schema_version": 2,
          "attributes": {
            "cidr_blocks": [
              "10.0.0.0/24",
              "10.0.1.0/24"
            ],
            "description": "Allow nodes to communicate with each other",
            "from_port": 0,
            "id": "sgrule-1275583134",
            "ipv6_cidr_blocks": null,
            "prefix_list_ids": null,
            "protocol": "-1",
            "security_group_id": "sg-01c103c3eb4775d52",
            "security_group_rule_id": "",
            "self": false,
            "source_security_group_id": null,
            "timeouts": null,
            "to_port": 0,
            "type": "ingress"
          },
          "sensitive_attributes": [],
          "private": "eyJlMmJmYjczMC1lY2FhLTExZTYtOGY4OC0zNDM2M2JjN2M0YzAiOnsiY3JlYXRlIjozMDAwMDAwMDAwMDB9LCJzY2hlbWFfdmVyc2lvbiI6IjIifQ==",
          "dependencies": [
            "aws_security_group.data_plane_sg",
            "aws_subnet.private_subnet",
            "aws_vpc.eks_vpc",
            "data.aws_availability_zones.available"
          ]
        }
      ]
    },
    {
      "mode": "managed",
      "type": "aws_security_group_rule",
      "name": "nodes_inbound",
      "provider": "provider[\"registry.terraform.io/hashicorp/aws\"]",
      "instances": [
        {
          "schema_version": 2,
          "attributes": {
            "cidr_blocks": [
              "10.0.0.0/24",
              "10.0.1.0/24"
            ],
            "description": "Allow worker Kubelets and pods to receive communication from the cluster control plane",
            "from_port": 1025,
            "id": "sgrule-26211100",
            "ipv6_cidr_blocks": null,
            "prefix_list_ids": null,
            "protocol": "tcp",
            "security_group_id": "sg-01c103c3eb4775d52",
            "security_group_rule_id": "",
            "self": false,
            "source_security_group_id": null,
            "timeouts": null,
            "to_port": 65535,
            "type": "ingress"
          },
          "sensitive_attributes": [],
          "private": "eyJlMmJmYjczMC1lY2FhLTExZTYtOGY4OC0zNDM2M2JjN2M0YzAiOnsiY3JlYXRlIjozMDAwMDAwMDAwMDB9LCJzY2hlbWFfdmVyc2lvbiI6IjIifQ==",
          "dependencies": [
            "aws_security_group.data_plane_sg",
            "aws_subnet.private_subnet",
            "aws_vpc.eks_vpc",
            "data.aws_availability_zones.available"
          ]
        }
      ]
    },
    {
      "mode": "managed",
      "type": "aws_subnet",
      "name": "private_subnet",
      "provider": "provider[\"registry.terraform.io/hashicorp/aws\"]",
      "instances": [
        {
          "index_key": 0,
          "schema_version": 1,
          "attributes": {
            "arn": "arn:aws:ec2:eu-west-3:891288190130:subnet/subnet-0dcccc830729592d8",
            "assign_ipv6_address_on_creation": false,
            "availability_zone": "eu-west-3a",
            "availability_zone_id": "euw3-az1",
            "cidr_block": "10.0.0.0/24",
            "customer_owned_ipv4_pool": "",
            "enable_dns64": false,
            "enable_resource_name_dns_a_record_on_launch": false,
            "enable_resource_name_dns_aaaa_record_on_launch": false,
            "id": "subnet-0dcccc830729592d8",
            "ipv6_cidr_block": "",
            "ipv6_cidr_block_association_id": "",
            "ipv6_native": false,
            "map_customer_owned_ip_on_launch": false,
            "map_public_ip_on_launch": false,
            "outpost_arn": "",
            "owner_id": "891288190130",
            "private_dns_hostname_type_on_launch": "ip-name",
            "tags": {
              "LAB": "tesi_mattia",
              "Name": "eks_lab_vpc_subnet-0",
              "infra": "terraform",
              "kubernetes.io/cluster/eks-lab-cluster": "owned"
            },
            "tags_all": {
              "LAB": "tesi_mattia",
              "Name": "eks_lab_vpc_subnet-0",
              "infra": "terraform",
              "kubernetes.io/cluster/eks-lab-cluster": "owned"
            },
            "timeouts": null,
            "vpc_id": "vpc-0b026817e8f1d1fa7"
          },
          "sensitive_attributes": [],
          "private": "eyJlMmJmYjczMC1lY2FhLTExZTYtOGY4OC0zNDM2M2JjN2M0YzAiOnsiY3JlYXRlIjo2MDAwMDAwMDAwMDAsImRlbGV0ZSI6MTIwMDAwMDAwMDAwMH0sInNjaGVtYV92ZXJzaW9uIjoiMSJ9",
          "dependencies": [
            "aws_vpc.eks_vpc",
            "data.aws_availability_zones.available"
          ]
        },
        {
          "index_key": 1,
          "schema_version": 1,
          "attributes": {
            "arn": "arn:aws:ec2:eu-west-3:891288190130:subnet/subnet-0b119332f8a660499",
            "assign_ipv6_address_on_creation": false,
            "availability_zone": "eu-west-3b",
            "availability_zone_id": "euw3-az2",
            "cidr_block": "10.0.1.0/24",
            "customer_owned_ipv4_pool": "",
            "enable_dns64": false,
            "enable_resource_name_dns_a_record_on_launch": false,
            "enable_resource_name_dns_aaaa_record_on_launch": false,
            "id": "subnet-0b119332f8a660499",
            "ipv6_cidr_block": "",
            "ipv6_cidr_block_association_id": "",
            "ipv6_native": false,
            "map_customer_owned_ip_on_launch": false,
            "map_public_ip_on_launch": false,
            "outpost_arn": "",
            "owner_id": "891288190130",
            "private_dns_hostname_type_on_launch": "ip-name",
            "tags": {
              "LAB": "tesi_mattia",
              "Name": "eks_lab_vpc_subnet-1",
              "infra": "terraform",
              "kubernetes.io/cluster/eks-lab-cluster": "owned"
            },
            "tags_all": {
              "LAB": "tesi_mattia",
              "Name": "eks_lab_vpc_subnet-1",
              "infra": "terraform",
              "kubernetes.io/cluster/eks-lab-cluster": "owned"
            },
            "timeouts": null,
            "vpc_id": "vpc-0b026817e8f1d1fa7"
          },
          "sensitive_attributes": [],
          "private": "eyJlMmJmYjczMC1lY2FhLTExZTYtOGY4OC0zNDM2M2JjN2M0YzAiOnsiY3JlYXRlIjo2MDAwMDAwMDAwMDAsImRlbGV0ZSI6MTIwMDAwMDAwMDAwMH0sInNjaGVtYV92ZXJzaW9uIjoiMSJ9",
          "dependencies": [
            "aws_vpc.eks_vpc",
            "data.aws_availability_zones.available"
          ]
        }
      ]
    },
    {
      "mode": "managed",
      "type": "aws_vpc",
      "name": "eks_vpc",
      "provider": "provider[\"registry.terraform.io/hashicorp/aws\"]",
      "instances": [
        {
          "schema_version": 1,
          "attributes": {
            "arn": "arn:aws:ec2:eu-west-3:891288190130:vpc/vpc-0b026817e8f1d1fa7",
            "assign_generated_ipv6_cidr_block": false,
            "cidr_block": "10.0.0.0/16",
            "default_network_acl_id": "acl-00c278a5758d66803",
            "default_route_table_id": "rtb-0a161019b856bf776",
            "default_security_group_id": "sg-0c6708dcd3c98f91d",
            "dhcp_options_id": "dopt-0541c88831367b83c",
            "enable_classiclink": false,
            "enable_classiclink_dns_support": false,
            "enable_dns_hostnames": true,
            "enable_dns_support": true,
            "enable_network_address_usage_metrics": false,
            "id": "vpc-0b026817e8f1d1fa7",
            "instance_tenancy": "default",
            "ipv4_ipam_pool_id": null,
            "ipv4_netmask_length": null,
            "ipv6_association_id": "",
            "ipv6_cidr_block": "",
            "ipv6_cidr_block_network_border_group": "",
            "ipv6_ipam_pool_id": "",
            "ipv6_netmask_length": 0,
            "main_route_table_id": "rtb-0a161019b856bf776",
            "owner_id": "891288190130",
            "tags": {
              "LAB": "tesi_mattia",
              "Name": "eks_lab_vpc",
              "infra": "terraform",
              "kubernetes.io/cluster/eks-lab-cluster": "owned"
            },
            "tags_all": {
              "LAB": "tesi_mattia",
              "Name": "eks_lab_vpc",
              "infra": "terraform",
              "kubernetes.io/cluster/eks-lab-cluster": "owned"
            }
          },
          "sensitive_attributes": [],
          "private": "eyJzY2hlbWFfdmVyc2lvbiI6IjEifQ=="
        }
      ]
    },
    {
      "mode": "managed",
      "type": "aws_vpc_endpoint",
      "name": "ec2",
      "provider": "provider[\"registry.terraform.io/hashicorp/aws\"]",
      "instances": [
        {
          "schema_version": 0,
          "attributes": {
            "arn": "arn:aws:ec2:eu-west-3:891288190130:vpc-endpoint/vpce-04704e2dc45218980",
            "auto_accept": null,
            "cidr_blocks": [],
            "dns_entry": [
              {
                "dns_name": "vpce-04704e2dc45218980-sp4sx81b.ec2.eu-west-3.vpce.amazonaws.com",
                "hosted_zone_id": "Z1DWHTMFP0WECP"
              },
              {
                "dns_name": "vpce-04704e2dc45218980-sp4sx81b-eu-west-3b.ec2.eu-west-3.vpce.amazonaws.com",
                "hosted_zone_id": "Z1DWHTMFP0WECP"
              },
              {
                "dns_name": "vpce-04704e2dc45218980-sp4sx81b-eu-west-3a.ec2.eu-west-3.vpce.amazonaws.com",
                "hosted_zone_id": "Z1DWHTMFP0WECP"
              },
              {
                "dns_name": "ec2.eu-west-3.amazonaws.com",
                "hosted_zone_id": "Z051116323HF62NNV1PR3"
              }
            ],
            "dns_options": [
              {
                "dns_record_ip_type": "ipv4"
              }
            ],
            "id": "vpce-04704e2dc45218980",
            "ip_address_type": "ipv4",
            "network_interface_ids": [
              "eni-0db71a55ce1817f55",
              "eni-0eb000f40630f09fd"
            ],
            "owner_id": "891288190130",
            "policy": "{\"Statement\":[{\"Action\":\"*\",\"Effect\":\"Allow\",\"Principal\":\"*\",\"Resource\":\"*\"}]}",
            "prefix_list_id": null,
            "private_dns_enabled": true,
            "requester_managed": false,
            "route_table_ids": [],
            "security_group_ids": [
              "sg-01c103c3eb4775d52"
            ],
            "service_name": "com.amazonaws.eu-west-3.ec2",
            "state": "available",
            "subnet_ids": [
              "subnet-0b119332f8a660499",
              "subnet-0dcccc830729592d8"
            ],
            "tags": {
              "LAB": "tesi_mattia",
              "Name": "ec2",
              "infra": "terraform"
            },
            "tags_all": {
              "LAB": "tesi_mattia",
              "Name": "ec2",
              "infra": "terraform"
            },
            "timeouts": null,
            "vpc_endpoint_type": "Interface",
            "vpc_id": "vpc-0b026817e8f1d1fa7"
          },
          "sensitive_attributes": [],
          "private": "eyJlMmJmYjczMC1lY2FhLTExZTYtOGY4OC0zNDM2M2JjN2M0YzAiOnsiY3JlYXRlIjo2MDAwMDAwMDAwMDAsImRlbGV0ZSI6NjAwMDAwMDAwMDAwLCJ1cGRhdGUiOjYwMDAwMDAwMDAwMH19",
          "dependencies": [
            "aws_security_group.data_plane_sg",
            "aws_subnet.private_subnet",
            "aws_vpc.eks_vpc",
            "data.aws_availability_zones.available"
          ]
        }
      ]
    },
    {
      "mode": "managed",
      "type": "aws_vpc_endpoint",
      "name": "ec2messages",
      "provider": "provider[\"registry.terraform.io/hashicorp/aws\"]",
      "instances": [
        {
          "schema_version": 0,
          "attributes": {
            "arn": "arn:aws:ec2:eu-west-3:891288190130:vpc-endpoint/vpce-031b0d784aee291d4",
            "auto_accept": null,
            "cidr_blocks": [],
            "dns_entry": [
              {
                "dns_name": "vpce-031b0d784aee291d4-nbe7q7a0.ec2messages.eu-west-3.vpce.amazonaws.com",
                "hosted_zone_id": "Z1DWHTMFP0WECP"
              },
              {
                "dns_name": "vpce-031b0d784aee291d4-nbe7q7a0-eu-west-3a.ec2messages.eu-west-3.vpce.amazonaws.com",
                "hosted_zone_id": "Z1DWHTMFP0WECP"
              },
              {
                "dns_name": "vpce-031b0d784aee291d4-nbe7q7a0-eu-west-3b.ec2messages.eu-west-3.vpce.amazonaws.com",
                "hosted_zone_id": "Z1DWHTMFP0WECP"
              },
              {
                "dns_name": "ec2messages.eu-west-3.amazonaws.com",
                "hosted_zone_id": "Z0521954OBKTGDUVAHVJ"
              }
            ],
            "dns_options": [
              {
                "dns_record_ip_type": "ipv4"
              }
            ],
            "id": "vpce-031b0d784aee291d4",
            "ip_address_type": "ipv4",
            "network_interface_ids": [
              "eni-04651e966901fc0d3",
              "eni-0ab4efadf59c527f0"
            ],
            "owner_id": "891288190130",
            "policy": "{\"Statement\":[{\"Action\":\"*\",\"Effect\":\"Allow\",\"Principal\":\"*\",\"Resource\":\"*\"}]}",
            "prefix_list_id": null,
            "private_dns_enabled": true,
            "requester_managed": false,
            "route_table_ids": [],
            "security_group_ids": [
              "sg-01c103c3eb4775d52"
            ],
            "service_name": "com.amazonaws.eu-west-3.ec2messages",
            "state": "available",
            "subnet_ids": [
              "subnet-0b119332f8a660499",
              "subnet-0dcccc830729592d8"
            ],
            "tags": {
              "LAB": "tesi_mattia",
              "Name": "ec2messages",
              "infra": "terraform"
            },
            "tags_all": {
              "LAB": "tesi_mattia",
              "Name": "ec2messages",
              "infra": "terraform"
            },
            "timeouts": null,
            "vpc_endpoint_type": "Interface",
            "vpc_id": "vpc-0b026817e8f1d1fa7"
          },
          "sensitive_attributes": [],
          "private": "eyJlMmJmYjczMC1lY2FhLTExZTYtOGY4OC0zNDM2M2JjN2M0YzAiOnsiY3JlYXRlIjo2MDAwMDAwMDAwMDAsImRlbGV0ZSI6NjAwMDAwMDAwMDAwLCJ1cGRhdGUiOjYwMDAwMDAwMDAwMH19",
          "dependencies": [
            "aws_security_group.data_plane_sg",
            "aws_subnet.private_subnet",
            "aws_vpc.eks_vpc",
            "data.aws_availability_zones.available"
          ]
        }
      ]
    },
    {
      "mode": "managed",
      "type": "aws_vpc_endpoint",
      "name": "ecr_api",
      "provider": "provider[\"registry.terraform.io/hashicorp/aws\"]",
      "instances": [
        {
          "schema_version": 0,
          "attributes": {
            "arn": "arn:aws:ec2:eu-west-3:891288190130:vpc-endpoint/vpce-0a263ad3f0428b40e",
            "auto_accept": null,
            "cidr_blocks": [],
            "dns_entry": [
              {
                "dns_name": "vpce-0a263ad3f0428b40e-71b2hrj3.api.ecr.eu-west-3.vpce.amazonaws.com",
                "hosted_zone_id": "Z1DWHTMFP0WECP"
              },
              {
                "dns_name": "vpce-0a263ad3f0428b40e-71b2hrj3-eu-west-3a.api.ecr.eu-west-3.vpce.amazonaws.com",
                "hosted_zone_id": "Z1DWHTMFP0WECP"
              },
              {
                "dns_name": "vpce-0a263ad3f0428b40e-71b2hrj3-eu-west-3b.api.ecr.eu-west-3.vpce.amazonaws.com",
                "hosted_zone_id": "Z1DWHTMFP0WECP"
              },
              {
                "dns_name": "api.ecr.eu-west-3.amazonaws.com",
                "hosted_zone_id": "Z10168711RZKUW83C5L0X"
              }
            ],
            "dns_options": [
              {
                "dns_record_ip_type": "ipv4"
              }
            ],
            "id": "vpce-0a263ad3f0428b40e",
            "ip_address_type": "ipv4",
            "network_interface_ids": [
              "eni-00e23b7ce8a2fc619",
              "eni-096496fb5508612b7"
            ],
            "owner_id": "891288190130",
            "policy": "{\"Statement\":[{\"Action\":\"*\",\"Effect\":\"Allow\",\"Principal\":\"*\",\"Resource\":\"*\"}]}",
            "prefix_list_id": null,
            "private_dns_enabled": true,
            "requester_managed": false,
            "route_table_ids": [],
            "security_group_ids": [
              "sg-01c103c3eb4775d52"
            ],
            "service_name": "com.amazonaws.eu-west-3.ecr.api",
            "state": "available",
            "subnet_ids": [
              "subnet-0b119332f8a660499",
              "subnet-0dcccc830729592d8"
            ],
            "tags": {
              "LAB": "tesi_mattia",
              "Name": "ecr.api",
              "infra": "terraform"
            },
            "tags_all": {
              "LAB": "tesi_mattia",
              "Name": "ecr.api",
              "infra": "terraform"
            },
            "timeouts": null,
            "vpc_endpoint_type": "Interface",
            "vpc_id": "vpc-0b026817e8f1d1fa7"
          },
          "sensitive_attributes": [],
          "private": "eyJlMmJmYjczMC1lY2FhLTExZTYtOGY4OC0zNDM2M2JjN2M0YzAiOnsiY3JlYXRlIjo2MDAwMDAwMDAwMDAsImRlbGV0ZSI6NjAwMDAwMDAwMDAwLCJ1cGRhdGUiOjYwMDAwMDAwMDAwMH19",
          "dependencies": [
            "aws_security_group.data_plane_sg",
            "aws_subnet.private_subnet",
            "aws_vpc.eks_vpc",
            "data.aws_availability_zones.available"
          ]
        }
      ]
    },
    {
      "mode": "managed",
      "type": "aws_vpc_endpoint",
      "name": "ecr_dkr",
      "provider": "provider[\"registry.terraform.io/hashicorp/aws\"]",
      "instances": [
        {
          "schema_version": 0,
          "attributes": {
            "arn": "arn:aws:ec2:eu-west-3:891288190130:vpc-endpoint/vpce-041ad9621b4f71162",
            "auto_accept": null,
            "cidr_blocks": [],
            "dns_entry": [
              {
                "dns_name": "vpce-041ad9621b4f71162-c6jko5p8.dkr.ecr.eu-west-3.vpce.amazonaws.com",
                "hosted_zone_id": "Z1DWHTMFP0WECP"
              },
              {
                "dns_name": "vpce-041ad9621b4f71162-c6jko5p8-eu-west-3a.dkr.ecr.eu-west-3.vpce.amazonaws.com",
                "hosted_zone_id": "Z1DWHTMFP0WECP"
              },
              {
                "dns_name": "vpce-041ad9621b4f71162-c6jko5p8-eu-west-3b.dkr.ecr.eu-west-3.vpce.amazonaws.com",
                "hosted_zone_id": "Z1DWHTMFP0WECP"
              },
              {
                "dns_name": "dkr.ecr.eu-west-3.amazonaws.com",
                "hosted_zone_id": "Z10168762ZYZJAT0S4J9Z"
              },
              {
                "dns_name": "*.dkr.ecr.eu-west-3.amazonaws.com",
                "hosted_zone_id": "Z10168762ZYZJAT0S4J9Z"
              }
            ],
            "dns_options": [
              {
                "dns_record_ip_type": "ipv4"
              }
            ],
            "id": "vpce-041ad9621b4f71162",
            "ip_address_type": "ipv4",
            "network_interface_ids": [
              "eni-025dc4df66861bff5",
              "eni-0b9df7406925c5d7f"
            ],
            "owner_id": "891288190130",
            "policy": "{\"Statement\":[{\"Action\":\"*\",\"Effect\":\"Allow\",\"Principal\":\"*\",\"Resource\":\"*\"}]}",
            "prefix_list_id": null,
            "private_dns_enabled": true,
            "requester_managed": false,
            "route_table_ids": [],
            "security_group_ids": [
              "sg-01c103c3eb4775d52"
            ],
            "service_name": "com.amazonaws.eu-west-3.ecr.dkr",
            "state": "available",
            "subnet_ids": [
              "subnet-0b119332f8a660499",
              "subnet-0dcccc830729592d8"
            ],
            "tags": {
              "LAB": "tesi_mattia",
              "Name": "ecr.dkr",
              "infra": "terraform"
            },
            "tags_all": {
              "LAB": "tesi_mattia",
              "Name": "ecr.dkr",
              "infra": "terraform"
            },
            "timeouts": null,
            "vpc_endpoint_type": "Interface",
            "vpc_id": "vpc-0b026817e8f1d1fa7"
          },
          "sensitive_attributes": [],
          "private": "eyJlMmJmYjczMC1lY2FhLTExZTYtOGY4OC0zNDM2M2JjN2M0YzAiOnsiY3JlYXRlIjo2MDAwMDAwMDAwMDAsImRlbGV0ZSI6NjAwMDAwMDAwMDAwLCJ1cGRhdGUiOjYwMDAwMDAwMDAwMH19",
          "dependencies": [
            "aws_security_group.data_plane_sg",
            "aws_subnet.private_subnet",
            "aws_vpc.eks_vpc",
            "data.aws_availability_zones.available"
          ]
        }
      ]
    },
    {
      "mode": "managed",
      "type": "aws_vpc_endpoint",
      "name": "s3",
      "provider": "provider[\"registry.terraform.io/hashicorp/aws\"]",
      "instances": [
        {
          "schema_version": 0,
          "attributes": {
            "arn": "arn:aws:ec2:eu-west-3:891288190130:vpc-endpoint/vpce-00b103e0549c89ba5",
            "auto_accept": null,
            "cidr_blocks": [
              "3.5.224.0/22",
              "16.12.18.0/23",
              "52.95.154.0/23",
              "16.12.20.0/24",
              "52.95.156.0/24"
            ],
            "dns_entry": [],
            "dns_options": [],
            "id": "vpce-00b103e0549c89ba5",
            "ip_address_type": "",
            "network_interface_ids": [],
            "owner_id": "891288190130",
            "policy": "{\"Statement\":[{\"Action\":\"*\",\"Effect\":\"Allow\",\"Principal\":\"*\",\"Resource\":\"*\"}],\"Version\":\"2008-10-17\"}",
            "prefix_list_id": "pl-23ad484a",
            "private_dns_enabled": false,
            "requester_managed": false,
            "route_table_ids": [
              "rtb-0c673d6df286a6f69"
            ],
            "security_group_ids": [],
            "service_name": "com.amazonaws.eu-west-3.s3",
            "state": "available",
            "subnet_ids": [],
            "tags": {
              "LAB": "tesi_mattia",
              "Name": "s3",
              "infra": "terraform"
            },
            "tags_all": {
              "LAB": "tesi_mattia",
              "Name": "s3",
              "infra": "terraform"
            },
            "timeouts": null,
            "vpc_endpoint_type": "Gateway",
            "vpc_id": "vpc-0b026817e8f1d1fa7"
          },
          "sensitive_attributes": [],
          "private": "eyJlMmJmYjczMC1lY2FhLTExZTYtOGY4OC0zNDM2M2JjN2M0YzAiOnsiY3JlYXRlIjo2MDAwMDAwMDAwMDAsImRlbGV0ZSI6NjAwMDAwMDAwMDAwLCJ1cGRhdGUiOjYwMDAwMDAwMDAwMH19",
          "dependencies": [
            "aws_route_table.private_rt",
            "aws_vpc.eks_vpc"
          ]
        }
      ]
    },
    {
      "mode": "managed",
      "type": "aws_vpc_endpoint",
      "name": "ssm",
      "provider": "provider[\"registry.terraform.io/hashicorp/aws\"]",
      "instances": [
        {
          "schema_version": 0,
          "attributes": {
            "arn": "arn:aws:ec2:eu-west-3:891288190130:vpc-endpoint/vpce-0659910c7da3858af",
            "auto_accept": null,
            "cidr_blocks": [],
            "dns_entry": [
              {
                "dns_name": "vpce-0659910c7da3858af-t2bggl8n.ssm.eu-west-3.vpce.amazonaws.com",
                "hosted_zone_id": "Z1DWHTMFP0WECP"
              },
              {
                "dns_name": "vpce-0659910c7da3858af-t2bggl8n-eu-west-3b.ssm.eu-west-3.vpce.amazonaws.com",
                "hosted_zone_id": "Z1DWHTMFP0WECP"
              },
              {
                "dns_name": "vpce-0659910c7da3858af-t2bggl8n-eu-west-3a.ssm.eu-west-3.vpce.amazonaws.com",
                "hosted_zone_id": "Z1DWHTMFP0WECP"
              },
              {
                "dns_name": "ssm.eu-west-3.amazonaws.com",
                "hosted_zone_id": "Z102397322R5PU0UBW4SN"
              }
            ],
            "dns_options": [
              {
                "dns_record_ip_type": "ipv4"
              }
            ],
            "id": "vpce-0659910c7da3858af",
            "ip_address_type": "ipv4",
            "network_interface_ids": [
              "eni-04ac43892ea7e1271",
              "eni-05cee2729660c2b9e"
            ],
            "owner_id": "891288190130",
            "policy": "{\"Statement\":[{\"Action\":\"*\",\"Effect\":\"Allow\",\"Principal\":\"*\",\"Resource\":\"*\"}]}",
            "prefix_list_id": null,
            "private_dns_enabled": true,
            "requester_managed": false,
            "route_table_ids": [],
            "security_group_ids": [
              "sg-01c103c3eb4775d52"
            ],
            "service_name": "com.amazonaws.eu-west-3.ssm",
            "state": "available",
            "subnet_ids": [
              "subnet-0b119332f8a660499",
              "subnet-0dcccc830729592d8"
            ],
            "tags": {
              "LAB": "tesi_mattia",
              "Name": "ssm",
              "infra": "terraform"
            },
            "tags_all": {
              "LAB": "tesi_mattia",
              "Name": "ssm",
              "infra": "terraform"
            },
            "timeouts": null,
            "vpc_endpoint_type": "Interface",
            "vpc_id": "vpc-0b026817e8f1d1fa7"
          },
          "sensitive_attributes": [],
          "private": "eyJlMmJmYjczMC1lY2FhLTExZTYtOGY4OC0zNDM2M2JjN2M0YzAiOnsiY3JlYXRlIjo2MDAwMDAwMDAwMDAsImRlbGV0ZSI6NjAwMDAwMDAwMDAwLCJ1cGRhdGUiOjYwMDAwMDAwMDAwMH19",
          "dependencies": [
            "aws_security_group.data_plane_sg",
            "aws_subnet.private_subnet",
            "aws_vpc.eks_vpc",
            "data.aws_availability_zones.available"
          ]
        }
      ]
    },
    {
      "mode": "managed",
      "type": "aws_vpc_endpoint",
      "name": "ssmmessages",
      "provider": "provider[\"registry.terraform.io/hashicorp/aws\"]",
      "instances": [
        {
          "schema_version": 0,
          "attributes": {
            "arn": "arn:aws:ec2:eu-west-3:891288190130:vpc-endpoint/vpce-0733df4298b5d656e",
            "auto_accept": null,
            "cidr_blocks": [],
            "dns_entry": [
              {
                "dns_name": "vpce-0733df4298b5d656e-9zenu2bh.ssmmessages.eu-west-3.vpce.amazonaws.com",
                "hosted_zone_id": "Z1DWHTMFP0WECP"
              },
              {
                "dns_name": "vpce-0733df4298b5d656e-9zenu2bh-eu-west-3b.ssmmessages.eu-west-3.vpce.amazonaws.com",
                "hosted_zone_id": "Z1DWHTMFP0WECP"
              },
              {
                "dns_name": "vpce-0733df4298b5d656e-9zenu2bh-eu-west-3a.ssmmessages.eu-west-3.vpce.amazonaws.com",
                "hosted_zone_id": "Z1DWHTMFP0WECP"
              },
              {
                "dns_name": "ssmmessages.eu-west-3.amazonaws.com",
                "hosted_zone_id": "Z0521981Z5NU1YGJS1EM"
              }
            ],
            "dns_options": [
              {
                "dns_record_ip_type": "ipv4"
              }
            ],
            "id": "vpce-0733df4298b5d656e",
            "ip_address_type": "ipv4",
            "network_interface_ids": [
              "eni-03e3b8512f5adcd1f",
              "eni-0f1a203657f864675"
            ],
            "owner_id": "891288190130",
            "policy": "{\"Statement\":[{\"Action\":\"*\",\"Effect\":\"Allow\",\"Principal\":\"*\",\"Resource\":\"*\"}]}",
            "prefix_list_id": null,
            "private_dns_enabled": true,
            "requester_managed": false,
            "route_table_ids": [],
            "security_group_ids": [
              "sg-01c103c3eb4775d52"
            ],
            "service_name": "com.amazonaws.eu-west-3.ssmmessages",
            "state": "available",
            "subnet_ids": [
              "subnet-0b119332f8a660499",
              "subnet-0dcccc830729592d8"
            ],
            "tags": {
              "LAB": "tesi_mattia",
              "Name": "ssmmessages",
              "infra": "terraform"
            },
            "tags_all": {
              "LAB": "tesi_mattia",
              "Name": "ssmmessages",
              "infra": "terraform"
            },
            "timeouts": null,
            "vpc_endpoint_type": "Interface",
            "vpc_id": "vpc-0b026817e8f1d1fa7"
          },
          "sensitive_attributes": [],
          "private": "eyJlMmJmYjczMC1lY2FhLTExZTYtOGY4OC0zNDM2M2JjN2M0YzAiOnsiY3JlYXRlIjo2MDAwMDAwMDAwMDAsImRlbGV0ZSI6NjAwMDAwMDAwMDAwLCJ1cGRhdGUiOjYwMDAwMDAwMDAwMH19",
          "dependencies": [
            "aws_security_group.data_plane_sg",
            "aws_subnet.private_subnet",
            "aws_vpc.eks_vpc",
            "data.aws_availability_zones.available"
          ]
        }
      ]
    },
    {
      "mode": "managed",
      "type": "aws_vpc_endpoint",
      "name": "sts",
      "provider": "provider[\"registry.terraform.io/hashicorp/aws\"]",
      "instances": [
        {
          "schema_version": 0,
          "attributes": {
            "arn": "arn:aws:ec2:eu-west-3:891288190130:vpc-endpoint/vpce-0d7f90357703ffb21",
            "auto_accept": null,
            "cidr_blocks": [],
            "dns_entry": [
              {
                "dns_name": "vpce-0d7f90357703ffb21-sqgu6suf.sts.eu-west-3.vpce.amazonaws.com",
                "hosted_zone_id": "Z1DWHTMFP0WECP"
              },
              {
                "dns_name": "vpce-0d7f90357703ffb21-sqgu6suf-eu-west-3a.sts.eu-west-3.vpce.amazonaws.com",
                "hosted_zone_id": "Z1DWHTMFP0WECP"
              },
              {
                "dns_name": "vpce-0d7f90357703ffb21-sqgu6suf-eu-west-3b.sts.eu-west-3.vpce.amazonaws.com",
                "hosted_zone_id": "Z1DWHTMFP0WECP"
              },
              {
                "dns_name": "sts.eu-west-3.amazonaws.com",
                "hosted_zone_id": "Z10158662IKNPM7ZV3WDR"
              }
            ],
            "dns_options": [
              {
                "dns_record_ip_type": "ipv4"
              }
            ],
            "id": "vpce-0d7f90357703ffb21",
            "ip_address_type": "ipv4",
            "network_interface_ids": [
              "eni-01827774bc9f2979e",
              "eni-04ff2334b59773e9c"
            ],
            "owner_id": "891288190130",
            "policy": "{\"Statement\":[{\"Action\":\"*\",\"Effect\":\"Allow\",\"Principal\":\"*\",\"Resource\":\"*\"}]}",
            "prefix_list_id": null,
            "private_dns_enabled": true,
            "requester_managed": false,
            "route_table_ids": [],
            "security_group_ids": [
              "sg-01c103c3eb4775d52"
            ],
            "service_name": "com.amazonaws.eu-west-3.sts",
            "state": "available",
            "subnet_ids": [
              "subnet-0b119332f8a660499",
              "subnet-0dcccc830729592d8"
            ],
            "tags": {
              "LAB": "tesi_mattia",
              "Name": "sts",
              "infra": "terraform"
            },
            "tags_all": {
              "LAB": "tesi_mattia",
              "Name": "sts",
              "infra": "terraform"
            },
            "timeouts": null,
            "vpc_endpoint_type": "Interface",
            "vpc_id": "vpc-0b026817e8f1d1fa7"
          },
          "sensitive_attributes": [],
          "private": "eyJlMmJmYjczMC1lY2FhLTExZTYtOGY4OC0zNDM2M2JjN2M0YzAiOnsiY3JlYXRlIjo2MDAwMDAwMDAwMDAsImRlbGV0ZSI6NjAwMDAwMDAwMDAwLCJ1cGRhdGUiOjYwMDAwMDAwMDAwMH19",
          "dependencies": [
            "aws_security_group.data_plane_sg",
            "aws_subnet.private_subnet",
            "aws_vpc.eks_vpc",
            "data.aws_availability_zones.available"
          ]
        }
      ]
    }
  ],
  "check_results": null
}
